PODS:
  - HPPhotoPrint (2.6.8)
  - OCMock (3.2)

DEPENDENCIES:
  - HPPhotoPrint (from `../`)
  - OCMock

EXTERNAL SOURCES:
  HPPhotoPrint:
    :path: "../"

SPEC CHECKSUMS:
  HPPhotoPrint: 2e654364731bf8d240c0a9de009aa7c090a2ba42
  OCMock: 28def049ef47f996b515a8eeea958be7ccab2dbb

COCOAPODS: 0.39.0
