PODS:
  - MobilePrintSDK (3.0.9)
  - OCMock (3.2.2)

DEPENDENCIES:
  - MobilePrintSDK (from `../`)
  - OCMock (= 3.2.2)

EXTERNAL SOURCES:
  MobilePrintSDK:
    :path: "../"

SPEC CHECKSUMS:
  MobilePrintSDK: 252daeb7dfc770161b0dd2e5ee6e6ae129857146
  OCMock: 18c9b7e67d4c2770e95bb77a9cc1ae0c91fe3835

PODFILE CHECKSUM: 51e6ebab091f75fc8a7b8c878daf689794a12d81

COCOAPODS: 1.0.1
